
Microsoft Visual Studio Solution File, Format Version 12.00
# Visual Studio Version 16
VisualStudioVersion = 16.0.29009.5
MinimumVisualStudioVersion = 10.0.40219.1
Project("{2150E333-8FDC-42A3-9474-1A3956D46DE8}") = "Data", "Data", "{7789BC93-BA41-4246-80EB-08E9F0B1A9AA}"
EndProject
Project("{2150E333-8FDC-42A3-9474-1A3956D46DE8}") = "Web", "Web", "{ACFB1C4E-E92D-4998-A90F-11EC5C3B575C}"
EndProject
Project("{2150E333-8FDC-42A3-9474-1A3956D46DE8}") = "Services", "Services", "{3F26FB3F-0348-47E3-B56F-DBD113077E12}"
EndProject
Project("{2150E333-8FDC-42A3-9474-1A3956D46DE8}") = "Common", "Common", "{78C1135B-D73E-49CE-AFD0-CFB4EB157DC4}"
EndProject
Project("{9A19103F-16F7-4668-BE54-9A1E7A4F7556}") = "NetFlow.Web", "Web\NetFlow.Web\NetFlow.Web.csproj", "{8755DC63-6DC5-450D-A109-AD265FC6AF49}"
EndProject
Project("{9A19103F-16F7-4668-BE54-9A1E7A4F7556}") = "NetFlow.Data", "Data\NetFlow.Data\NetFlow.Data.csproj", "{46C5AC48-9BE1-42C9-86BC-FE54B9F59F83}"
EndProject
Project("{9A19103F-16F7-4668-BE54-9A1E7A4F7556}") = "NetFlow.Data.Models", "Data\NetFlow.Data.Models\NetFlow.Data.Models.csproj", "{B3964335-B11C-4C56-A871-64AB39AA97CA}"
EndProject
Project("{9A19103F-16F7-4668-BE54-9A1E7A4F7556}") = "NetFlow.Common", "Common\NetFlow.Common\NetFlow.Common.csproj", "{937A0C02-421D-467B-8092-D6026DF53777}"
EndProject
Project("{9A19103F-16F7-4668-BE54-9A1E7A4F7556}") = "NetFlow.Data.Configuration", "Data\NetFlow.Data.Configuration\NetFlow.Data.Configuration.csproj", "{C6E8C9D2-9ACF-4EB7-855E-547806EA4369}"
EndProject
Project("{2150E333-8FDC-42A3-9474-1A3956D46DE8}") = "Solution Items", "Solution Items", "{8D8AB2DE-9FE9-4F73-8C42-337180CC4516}"
	ProjectSection(SolutionItems) = preProject
		README.md = README.md
	EndProjectSection
EndProject
Project("{9A19103F-16F7-4668-BE54-9A1E7A4F7556}") = "NetFlow.Services", "Services\NetFlow.Services\NetFlow.Services.csproj", "{C85E0BA7-4443-43AE-9CCB-4D44184B9650}"
EndProject
Project("{9A19103F-16F7-4668-BE54-9A1E7A4F7556}") = "NetFlow.Web.ViewModels", "Web\NetFlow.Web.ViewModels\NetFlow.Web.ViewModels.csproj", "{F3E6C81B-4E40-4B57-BC27-5AA4B9F2B3DC}"
EndProject
Project("{9A19103F-16F7-4668-BE54-9A1E7A4F7556}") = "NetFlow.Services.Mapping", "Services\NetFlow.Services.Mapping\NetFlow.Services.Mapping.csproj", "{31260599-DD97-4F84-B0E3-51E9695ACDAB}"
EndProject
Project("{9A19103F-16F7-4668-BE54-9A1E7A4F7556}") = "NetFlow.Common.Messages", "Common\NetFlow.Common.Messages\NetFlow.Common.Messages.csproj", "{65CE775C-B91C-491E-951E-EB908C97E7A9}"
EndProject
Global
	GlobalSection(SolutionConfigurationPlatforms) = preSolution
		Debug|Any CPU = Debug|Any CPU
		Release|Any CPU = Release|Any CPU
	EndGlobalSection
	GlobalSection(ProjectConfigurationPlatforms) = postSolution
		{8755DC63-6DC5-450D-A109-AD265FC6AF49}.Debug|Any CPU.ActiveCfg = Debug|Any CPU
		{8755DC63-6DC5-450D-A109-AD265FC6AF49}.Debug|Any CPU.Build.0 = Debug|Any CPU
		{8755DC63-6DC5-450D-A109-AD265FC6AF49}.Release|Any CPU.ActiveCfg = Release|Any CPU
		{8755DC63-6DC5-450D-A109-AD265FC6AF49}.Release|Any CPU.Build.0 = Release|Any CPU
		{46C5AC48-9BE1-42C9-86BC-FE54B9F59F83}.Debug|Any CPU.ActiveCfg = Debug|Any CPU
		{46C5AC48-9BE1-42C9-86BC-FE54B9F59F83}.Debug|Any CPU.Build.0 = Debug|Any CPU
		{46C5AC48-9BE1-42C9-86BC-FE54B9F59F83}.Release|Any CPU.ActiveCfg = Release|Any CPU
		{46C5AC48-9BE1-42C9-86BC-FE54B9F59F83}.Release|Any CPU.Build.0 = Release|Any CPU
		{B3964335-B11C-4C56-A871-64AB39AA97CA}.Debug|Any CPU.ActiveCfg = Debug|Any CPU
		{B3964335-B11C-4C56-A871-64AB39AA97CA}.Debug|Any CPU.Build.0 = Debug|Any CPU
		{B3964335-B11C-4C56-A871-64AB39AA97CA}.Release|Any CPU.ActiveCfg = Release|Any CPU
		{B3964335-B11C-4C56-A871-64AB39AA97CA}.Release|Any CPU.Build.0 = Release|Any CPU
		{937A0C02-421D-467B-8092-D6026DF53777}.Debug|Any CPU.ActiveCfg = Debug|Any CPU
		{937A0C02-421D-467B-8092-D6026DF53777}.Debug|Any CPU.Build.0 = Debug|Any CPU
		{937A0C02-421D-467B-8092-D6026DF53777}.Release|Any CPU.ActiveCfg = Release|Any CPU
		{937A0C02-421D-467B-8092-D6026DF53777}.Release|Any CPU.Build.0 = Release|Any CPU
		{C6E8C9D2-9ACF-4EB7-855E-547806EA4369}.Debug|Any CPU.ActiveCfg = Debug|Any CPU
		{C6E8C9D2-9ACF-4EB7-855E-547806EA4369}.Debug|Any CPU.Build.0 = Debug|Any CPU
		{C6E8C9D2-9ACF-4EB7-855E-547806EA4369}.Release|Any CPU.ActiveCfg = Release|Any CPU
		{C6E8C9D2-9ACF-4EB7-855E-547806EA4369}.Release|Any CPU.Build.0 = Release|Any CPU
		{C85E0BA7-4443-43AE-9CCB-4D44184B9650}.Debug|Any CPU.ActiveCfg = Debug|Any CPU
		{C85E0BA7-4443-43AE-9CCB-4D44184B9650}.Debug|Any CPU.Build.0 = Debug|Any CPU
		{C85E0BA7-4443-43AE-9CCB-4D44184B9650}.Release|Any CPU.ActiveCfg = Release|Any CPU
		{C85E0BA7-4443-43AE-9CCB-4D44184B9650}.Release|Any CPU.Build.0 = Release|Any CPU
		{F3E6C81B-4E40-4B57-BC27-5AA4B9F2B3DC}.Debug|Any CPU.ActiveCfg = Debug|Any CPU
		{F3E6C81B-4E40-4B57-BC27-5AA4B9F2B3DC}.Debug|Any CPU.Build.0 = Debug|Any CPU
		{F3E6C81B-4E40-4B57-BC27-5AA4B9F2B3DC}.Release|Any CPU.ActiveCfg = Release|Any CPU
		{F3E6C81B-4E40-4B57-BC27-5AA4B9F2B3DC}.Release|Any CPU.Build.0 = Release|Any CPU
		{31260599-DD97-4F84-B0E3-51E9695ACDAB}.Debug|Any CPU.ActiveCfg = Debug|Any CPU
		{31260599-DD97-4F84-B0E3-51E9695ACDAB}.Debug|Any CPU.Build.0 = Debug|Any CPU
		{31260599-DD97-4F84-B0E3-51E9695ACDAB}.Release|Any CPU.ActiveCfg = Release|Any CPU
		{31260599-DD97-4F84-B0E3-51E9695ACDAB}.Release|Any CPU.Build.0 = Release|Any CPU
		{65CE775C-B91C-491E-951E-EB908C97E7A9}.Debug|Any CPU.ActiveCfg = Debug|Any CPU
		{65CE775C-B91C-491E-951E-EB908C97E7A9}.Debug|Any CPU.Build.0 = Debug|Any CPU
		{65CE775C-B91C-491E-951E-EB908C97E7A9}.Release|Any CPU.ActiveCfg = Release|Any CPU
		{65CE775C-B91C-491E-951E-EB908C97E7A9}.Release|Any CPU.Build.0 = Release|Any CPU
	EndGlobalSection
	GlobalSection(SolutionProperties) = preSolution
		HideSolutionNode = FALSE
	EndGlobalSection
	GlobalSection(NestedProjects) = preSolution
		{8755DC63-6DC5-450D-A109-AD265FC6AF49} = {ACFB1C4E-E92D-4998-A90F-11EC5C3B575C}
		{46C5AC48-9BE1-42C9-86BC-FE54B9F59F83} = {7789BC93-BA41-4246-80EB-08E9F0B1A9AA}
		{B3964335-B11C-4C56-A871-64AB39AA97CA} = {7789BC93-BA41-4246-80EB-08E9F0B1A9AA}
		{937A0C02-421D-467B-8092-D6026DF53777} = {78C1135B-D73E-49CE-AFD0-CFB4EB157DC4}
		{C6E8C9D2-9ACF-4EB7-855E-547806EA4369} = {7789BC93-BA41-4246-80EB-08E9F0B1A9AA}
		{C85E0BA7-4443-43AE-9CCB-4D44184B9650} = {3F26FB3F-0348-47E3-B56F-DBD113077E12}
		{F3E6C81B-4E40-4B57-BC27-5AA4B9F2B3DC} = {ACFB1C4E-E92D-4998-A90F-11EC5C3B575C}
		{31260599-DD97-4F84-B0E3-51E9695ACDAB} = {3F26FB3F-0348-47E3-B56F-DBD113077E12}
		{65CE775C-B91C-491E-951E-EB908C97E7A9} = {78C1135B-D73E-49CE-AFD0-CFB4EB157DC4}
	EndGlobalSection
	GlobalSection(ExtensibilityGlobals) = postSolution
		SolutionGuid = {777222BD-A847-4ABF-BF8D-64569B89EC8D}
	EndGlobalSection
EndGlobal
